
Microsoft Visual Studio Solution File, Format Version 12.00
# Visual Studio Version 17
VisualStudioVersion = 17.5.33530.505
MinimumVisualStudioVersion = 10.0.40219.1
Project("{9A19103F-16F7-4668-BE54-9A1E7A4F7556}") = "IkinciElAracIhaleSistemiSonKullanici.Api", "IkinciElAracIhaleSistemiSonKullanici.Api\IkinciElAracIhaleSistemiSonKullanici.Api.csproj", "{2DC8DF2C-C658-42EB-93CF-781696A4961E}"
EndProject
Project("{9A19103F-16F7-4668-BE54-9A1E7A4F7556}") = "IkinciElAracIhaleSistemiSonKullanici.UI", "IkinciElAracIhaleSistemiSonKullanici.UI\IkinciElAracIhaleSistemiSonKullanici.UI.csproj", "{01384000-FB4C-422F-8A7D-7D1225000DDA}"
EndProject
Project("{9A19103F-16F7-4668-BE54-9A1E7A4F7556}") = "IkinciElAracIhaleSistemiSonKullanici.DAL", "IkinciElAracIhaleSistemiSonKullanici.DAL\IkinciElAracIhaleSistemiSonKullanici.DAL.csproj", "{6BBE5C8A-4CE9-4812-9C0A-E7B4D29D110D}"
EndProject
Project("{9A19103F-16F7-4668-BE54-9A1E7A4F7556}") = "IkinciElAracIhaleSistemiSonKullanici.BLL", "IkinciElAracIhaleSistemiSonKullanici.BLL\IkinciElAracIhaleSistemiSonKullanici.BLL.csproj", "{6666FD89-10F6-4712-BD2C-7184445233ED}"
EndProject
Project("{9A19103F-16F7-4668-BE54-9A1E7A4F7556}") = "IkinciElAracIhaleSistemiSonKullanici.AppCore", "IkinciElAracIhaleSistemiSonKullanici.AppCore\IkinciElAracIhaleSistemiSonKullanici.AppCore.csproj", "{0DF6E4E5-17C4-4842-B15F-42985D57C07C}"
EndProject
Project("{FAE04EC0-301F-11D3-BF4B-00C04F79EFBC}") = "IkinciElAracIhaleSistemiSonKullanici.Console", "IkinciElAracIhaleSistemiSonKullanici.Console\IkinciElAracIhaleSistemiSonKullanici.Console.csproj", "{5B77ADE1-6E2B-47F8-BC66-B1E347765DA3}"
EndProject
Global
	GlobalSection(SolutionConfigurationPlatforms) = preSolution
		Debug|Any CPU = Debug|Any CPU
		Release|Any CPU = Release|Any CPU
	EndGlobalSection
	GlobalSection(ProjectConfigurationPlatforms) = postSolution
		{2DC8DF2C-C658-42EB-93CF-781696A4961E}.Debug|Any CPU.ActiveCfg = Debug|Any CPU
		{2DC8DF2C-C658-42EB-93CF-781696A4961E}.Debug|Any CPU.Build.0 = Debug|Any CPU
		{2DC8DF2C-C658-42EB-93CF-781696A4961E}.Release|Any CPU.ActiveCfg = Release|Any CPU
		{2DC8DF2C-C658-42EB-93CF-781696A4961E}.Release|Any CPU.Build.0 = Release|Any CPU
		{01384000-FB4C-422F-8A7D-7D1225000DDA}.Debug|Any CPU.ActiveCfg = Debug|Any CPU
		{01384000-FB4C-422F-8A7D-7D1225000DDA}.Debug|Any CPU.Build.0 = Debug|Any CPU
		{01384000-FB4C-422F-8A7D-7D1225000DDA}.Release|Any CPU.ActiveCfg = Release|Any CPU
		{01384000-FB4C-422F-8A7D-7D1225000DDA}.Release|Any CPU.Build.0 = Release|Any CPU
		{6BBE5C8A-4CE9-4812-9C0A-E7B4D29D110D}.Debug|Any CPU.ActiveCfg = Debug|Any CPU
		{6BBE5C8A-4CE9-4812-9C0A-E7B4D29D110D}.Debug|Any CPU.Build.0 = Debug|Any CPU
		{6BBE5C8A-4CE9-4812-9C0A-E7B4D29D110D}.Release|Any CPU.ActiveCfg = Release|Any CPU
		{6BBE5C8A-4CE9-4812-9C0A-E7B4D29D110D}.Release|Any CPU.Build.0 = Release|Any CPU
		{6666FD89-10F6-4712-BD2C-7184445233ED}.Debug|Any CPU.ActiveCfg = Debug|Any CPU
		{6666FD89-10F6-4712-BD2C-7184445233ED}.Debug|Any CPU.Build.0 = Debug|Any CPU
		{6666FD89-10F6-4712-BD2C-7184445233ED}.Release|Any CPU.ActiveCfg = Release|Any CPU
		{6666FD89-10F6-4712-BD2C-7184445233ED}.Release|Any CPU.Build.0 = Release|Any CPU
		{0DF6E4E5-17C4-4842-B15F-42985D57C07C}.Debug|Any CPU.ActiveCfg = Debug|Any CPU
		{0DF6E4E5-17C4-4842-B15F-42985D57C07C}.Debug|Any CPU.Build.0 = Debug|Any CPU
		{0DF6E4E5-17C4-4842-B15F-42985D57C07C}.Release|Any CPU.ActiveCfg = Release|Any CPU
		{0DF6E4E5-17C4-4842-B15F-42985D57C07C}.Release|Any CPU.Build.0 = Release|Any CPU
		{5B77ADE1-6E2B-47F8-BC66-B1E347765DA3}.Debug|Any CPU.ActiveCfg = Debug|Any CPU
		{5B77ADE1-6E2B-47F8-BC66-B1E347765DA3}.Debug|Any CPU.Build.0 = Debug|Any CPU
		{5B77ADE1-6E2B-47F8-BC66-B1E347765DA3}.Release|Any CPU.ActiveCfg = Release|Any CPU
		{5B77ADE1-6E2B-47F8-BC66-B1E347765DA3}.Release|Any CPU.Build.0 = Release|Any CPU
	EndGlobalSection
	GlobalSection(SolutionProperties) = preSolution
		HideSolutionNode = FALSE
	EndGlobalSection
	GlobalSection(ExtensibilityGlobals) = postSolution
		SolutionGuid = {A1D470DA-8E2E-431F-8512-2465B4222F5C}
	EndGlobalSection
EndGlobal
